
Microsoft Visual Studio Solution File, Format Version 12.00
# Visual Studio Version 16
VisualStudioVersion = 16.0.30413.136
MinimumVisualStudioVersion = 10.0.40219.1
Project("{FAE04EC0-301F-11D3-BF4B-00C04F79EFBC}") = "CityProvince", "CityProvince.csproj", "{D5CCBACE-905B-48EE-BF94-C1354EC7BA20}"
EndProject
Global
	GlobalSection(SolutionConfigurationPlatforms) = preSolution
		Debug|Any CPU = Debug|Any CPU
		Release|Any CPU = Release|Any CPU
	EndGlobalSection
	GlobalSection(ProjectConfigurationPlatforms) = postSolution
		{D5CCBACE-905B-48EE-BF94-C1354EC7BA20}.Debug|Any CPU.ActiveCfg = Debug|Any CPU
		{D5CCBACE-905B-48EE-BF94-C1354EC7BA20}.Debug|Any CPU.Build.0 = Debug|Any CPU
		{D5CCBACE-905B-48EE-BF94-C1354EC7BA20}.Release|Any CPU.ActiveCfg = Release|Any CPU
		{D5CCBACE-905B-48EE-BF94-C1354EC7BA20}.Release|Any CPU.Build.0 = Release|Any CPU
	EndGlobalSection
	GlobalSection(SolutionProperties) = preSolution
		HideSolutionNode = FALSE
	EndGlobalSection
	GlobalSection(ExtensibilityGlobals) = postSolution
		SolutionGuid = {2A5B8929-0990-401F-A8C5-D1CEA9B0DAE0}
	EndGlobalSection
EndGlobal
